
Microsoft Visual Studio Solution File, Format Version 12.00
# Visual Studio Version 17
VisualStudioVersion = 17.1.32414.318
MinimumVisualStudioVersion = 10.0.40219.1
Project("{FAE04EC0-301F-11D3-BF4B-00C04F79EFBC}") = "aula 61 exer conta bancaria", "aula 61 exer conta bancaria\aula 61 exer conta bancaria.csproj", "{9FCEB77C-25CC-438D-9E16-2F0B344143DC}"
EndProject
Global
	GlobalSection(SolutionConfigurationPlatforms) = preSolution
		Debug|Any CPU = Debug|Any CPU
		Release|Any CPU = Release|Any CPU
	EndGlobalSection
	GlobalSection(ProjectConfigurationPlatforms) = postSolution
		{9FCEB77C-25CC-438D-9E16-2F0B344143DC}.Debug|Any CPU.ActiveCfg = Debug|Any CPU
		{9FCEB77C-25CC-438D-9E16-2F0B344143DC}.Debug|Any CPU.Build.0 = Debug|Any CPU
		{9FCEB77C-25CC-438D-9E16-2F0B344143DC}.Release|Any CPU.ActiveCfg = Release|Any CPU
		{9FCEB77C-25CC-438D-9E16-2F0B344143DC}.Release|Any CPU.Build.0 = Release|Any CPU
	EndGlobalSection
	GlobalSection(SolutionProperties) = preSolution
		HideSolutionNode = FALSE
	EndGlobalSection
	GlobalSection(ExtensibilityGlobals) = postSolution
		SolutionGuid = {DC18FA86-FB4F-4910-BF66-3F4729DF5721}
	EndGlobalSection
EndGlobal
